{
    "name": "frontend-codex-bootstrap",
    "version": "0.1.0",
    "lockfileVersion": 3,
    "requires": true,
    "packages": {
        "": {
            "name": "frontend-codex-bootstrap",
            "version": "0.1.0",
            "devDependencies": {
                "vitest": "file:vendor/vitest"
            }
        },
        "node_modules/vitest": {
            "resolved": "vendor/vitest",
            "link": true
        },
        "vendor/vitest": {
            "version": "0.0.0-local",
            "dev": true,
            "bin": {
                "vitest": "bin/vitest.js"
            }
        }
    }
}
